{
  "name": "mongoose-subscriptions",
  "version": "1.7.14",
  "dependencies": {
    "abbrev": {
      "version": "1.0.9",
      "dev": true
    },
    "addmonths": {
      "version": "0.2.0"
    },
    "align-text": {
      "version": "0.1.4",
      "dev": true
    },
    "amdefine": {
      "version": "1.0.1",
      "dev": true
    },
    "argparse": {
      "version": "1.0.9",
      "dev": true
    },
    "async": {
      "version": "1.5.2",
      "dev": true
    },
    "balanced-match": {
      "version": "0.4.2",
      "dev": true
    },
    "bluebird": {
      "version": "2.10.2",
      "dev": true
    },
    "brace-expansion": {
      "version": "1.1.6",
      "dev": true
    },
    "browser-stdout": {
      "version": "1.3.0",
      "dev": true
    },
    "bson": {
      "version": "1.0.4",
      "dev": true
    },
    "buffer-shims": {
      "version": "1.0.0",
      "dev": true
    },
    "camelcase": {
      "version": "1.2.1",
      "dev": true,
      "optional": true
    },
    "center-align": {
      "version": "0.1.3",
      "dev": true,
      "optional": true
    },
    "cliui": {
      "version": "2.1.0",
      "dev": true,
      "optional": true,
      "dependencies": {
        "wordwrap": {
          "version": "0.0.2",
          "dev": true,
          "optional": true
        }
      }
    },
    "commander": {
      "version": "2.9.0",
      "dev": true
    },
    "concat-map": {
      "version": "0.0.1",
      "dev": true
    },
    "core-util-is": {
      "version": "1.0.2",
      "dev": true
    },
    "debug": {
      "version": "2.2.0",
      "dev": true,
      "dependencies": {
        "ms": {
          "version": "0.7.1",
          "dev": true
        }
      }
    },
    "decamelize": {
      "version": "1.2.0",
      "dev": true,
      "optional": true
    },
    "deep-is": {
      "version": "0.1.3",
      "dev": true
    },
    "diff": {
      "version": "1.4.0",
      "dev": true
    },
    "dotenv": {
      "version": "4.0.0",
      "dev": true
    },
    "es6-promise": {
      "version": "3.2.1",
      "dev": true
    },
    "escape-string-regexp": {
      "version": "1.0.5",
      "dev": true
    },
    "escodegen": {
      "version": "1.8.1",
      "dev": true,
      "dependencies": {
        "source-map": {
          "version": "0.2.0",
          "dev": true,
          "optional": true
        }
      }
    },
    "esprima": {
      "version": "2.7.3",
      "dev": true
    },
    "estraverse": {
      "version": "1.9.3",
      "dev": true
    },
    "esutils": {
      "version": "2.0.2",
      "dev": true
    },
    "fast-levenshtein": {
      "version": "2.0.6",
      "dev": true
    },
    "formatio": {
      "version": "1.2.0",
      "dev": true
    },
    "fs.realpath": {
      "version": "1.0.0",
      "dev": true
    },
    "glob": {
      "version": "7.0.5",
      "dev": true
    },
    "graceful-readlink": {
      "version": "1.0.1",
      "dev": true
    },
    "growl": {
      "version": "1.9.2",
      "dev": true
    },
    "handlebars": {
      "version": "4.0.6",
      "dev": true
    },
    "has-flag": {
      "version": "1.0.0",
      "dev": true
    },
    "hooks-fixed": {
      "version": "2.0.0",
      "dev": true
    },
    "inflight": {
      "version": "1.0.6",
      "dev": true
    },
    "inherits": {
      "version": "2.0.1",
      "dev": true
    },
    "is-buffer": {
      "version": "1.1.5",
      "dev": true
    },
    "isarray": {
      "version": "0.0.1",
      "dev": true
    },
    "isexe": {
      "version": "2.0.0",
      "dev": true
    },
    "istanbul": {
      "version": "0.4.5",
      "dev": true,
      "dependencies": {
        "glob": {
          "version": "5.0.15",
          "dev": true
        }
      }
    },
    "js-yaml": {
      "version": "3.8.2",
      "dev": true,
      "dependencies": {
        "esprima": {
          "version": "3.1.3",
          "dev": true
        }
      }
    },
    "json3": {
      "version": "3.3.2",
      "dev": true
    },
    "kareem": {
      "version": "1.2.1",
      "dev": true
    },
    "kind-of": {
      "version": "3.1.0",
      "dev": true
    },
    "lazy-cache": {
      "version": "1.0.4",
      "dev": true,
      "optional": true
    },
    "levn": {
      "version": "0.3.0",
      "dev": true
    },
    "lodash": {
      "version": "4.17.4",
      "dev": true
    },
    "lodash._baseassign": {
      "version": "3.2.0",
      "dev": true
    },
    "lodash._basecopy": {
      "version": "3.0.1",
      "dev": true
    },
    "lodash._basecreate": {
      "version": "3.0.3",
      "dev": true
    },
    "lodash._getnative": {
      "version": "3.9.1",
      "dev": true
    },
    "lodash._isiterateecall": {
      "version": "3.0.9",
      "dev": true
    },
    "lodash.create": {
      "version": "3.1.1",
      "dev": true
    },
    "lodash.isarguments": {
      "version": "3.1.0",
      "dev": true
    },
    "lodash.isarray": {
      "version": "3.0.4",
      "dev": true
    },
    "lodash.keys": {
      "version": "3.1.2",
      "dev": true
    },
    "lolex": {
      "version": "1.6.0",
      "dev": true
    },
    "longest": {
      "version": "1.0.1",
      "dev": true
    },
    "minimatch": {
      "version": "3.0.3",
      "dev": true
    },
    "minimist": {
      "version": "0.0.8",
      "dev": true
    },
    "mkdirp": {
      "version": "0.5.1",
      "dev": true
    },
    "mocha": {
      "version": "3.2.0",
      "dev": true
    },
    "mongodb": {
      "version": "2.2.25",
      "dev": true
    },
    "mongodb-core": {
      "version": "2.1.9",
      "dev": true
    },
    "mongoose": {
      "version": "4.9.1",
      "dev": true,
      "dependencies": {
        "async": {
          "version": "2.1.4",
          "dev": true
        }
      }
    },
    "mongoose-originals": {
      "version": "1.1.0"
    },
    "mpath": {
      "version": "0.2.1",
      "dev": true
    },
    "mpromise": {
      "version": "0.5.5",
      "dev": true
    },
    "mquery": {
      "version": "2.3.0",
      "dev": true,
      "dependencies": {
        "sliced": {
          "version": "0.0.5",
          "dev": true
        }
      }
    },
    "ms": {
      "version": "0.7.2",
      "dev": true
    },
    "muri": {
      "version": "1.2.1",
      "dev": true
    },
    "native-promise-only": {
      "version": "0.8.1",
      "dev": true
    },
    "nopt": {
      "version": "3.0.6",
      "dev": true
    },
    "once": {
      "version": "1.4.0",
      "dev": true
    },
    "optimist": {
      "version": "0.6.1",
      "dev": true,
      "dependencies": {
        "wordwrap": {
          "version": "0.0.3",
          "dev": true
        }
      }
    },
    "optionator": {
      "version": "0.8.2",
      "dev": true
    },
    "path-is-absolute": {
      "version": "1.0.1",
      "dev": true
    },
    "path-to-regexp": {
      "version": "1.7.0",
      "dev": true
    },
    "prelude-ls": {
      "version": "1.1.2",
      "dev": true
    },
    "prettier": {
      "version": "1.4.4",
      "dev": true
    },
    "process-nextick-args": {
      "version": "1.0.7",
      "dev": true
    },
    "readable-stream": {
      "version": "2.1.5",
      "dev": true,
      "dependencies": {
        "isarray": {
          "version": "1.0.0",
          "dev": true
        }
      }
    },
    "regexp-clone": {
      "version": "0.0.1",
      "dev": true
    },
    "repeat-string": {
      "version": "1.6.1",
      "dev": true
    },
    "require_optional": {
      "version": "1.0.0",
      "dev": true
    },
    "resolve": {
      "version": "1.1.7",
      "dev": true
    },
    "resolve-from": {
      "version": "2.0.0",
      "dev": true
    },
    "right-align": {
      "version": "0.1.3",
      "dev": true,
      "optional": true
    },
    "samsam": {
      "version": "1.2.1",
      "dev": true
    },
    "semver": {
      "version": "5.1.0",
      "dev": true
    },
    "shortid": {
      "version": "2.2.8"
    },
    "sinon": {
      "version": "2.1.0",
      "dev": true,
      "dependencies": {
        "diff": {
          "version": "3.2.0",
          "dev": true
        }
      }
    },
    "sliced": {
      "version": "1.0.1",
      "dev": true
    },
    "source-map": {
      "version": "0.4.4",
      "dev": true
    },
    "sprintf-js": {
      "version": "1.0.3",
      "dev": true
    },
    "string_decoder": {
      "version": "0.10.31",
      "dev": true
    },
    "supports-color": {
      "version": "3.1.2",
      "dev": true
    },
    "text-encoding": {
      "version": "0.6.4",
      "dev": true
    },
    "type-check": {
      "version": "0.3.2",
      "dev": true
    },
    "type-detect": {
      "version": "4.0.0",
      "dev": true
    },
    "uglify-js": {
      "version": "2.8.15",
      "dev": true,
      "optional": true,
      "dependencies": {
        "source-map": {
          "version": "0.5.6",
          "dev": true,
          "optional": true
        }
      }
    },
    "uglify-to-browserify": {
      "version": "1.0.2",
      "dev": true,
      "optional": true
    },
    "util-deprecate": {
      "version": "1.0.2",
      "dev": true
    },
    "which": {
      "version": "1.2.14",
      "dev": true
    },
    "window-size": {
      "version": "0.1.0",
      "dev": true,
      "optional": true
    },
    "wordwrap": {
      "version": "1.0.0",
      "dev": true
    },
    "wrappy": {
      "version": "1.0.2",
      "dev": true
    },
    "yargs": {
      "version": "3.10.0",
      "dev": true,
      "optional": true
    }
  }
}
